// !$*UTF8*$!
{
	archiveVersion = 1;
	classes = {
	};
	objectVersion = 50;
	objects = {

/* Begin PBXBuildFile section */
		061DA3EA248FEAC300629FFE /* UIView+Extension.swift in Sources */ = {isa = PBXBuildFile; fileRef = 061DA3E9248FEAC300629FFE /* UIView+Extension.swift */; };
		06F70431248A90CC003FF0CE /* AppDelegate.swift in Sources */ = {isa = PBXBuildFile; fileRef = 06F70430248A90CC003FF0CE /* AppDelegate.swift */; };
		06F70433248A90CC003FF0CE /* SceneDelegate.swift in Sources */ = {isa = PBXBuildFile; fileRef = 06F70432248A90CC003FF0CE /* SceneDelegate.swift */; };
		06F70435248A90CC003FF0CE /* ViewController.swift in Sources */ = {isa = PBXBuildFile; fileRef = 06F70434248A90CC003FF0CE /* ViewController.swift */; };
		06F70438248A90CC003FF0CE /* Main.storyboard in Resources */ = {isa = PBXBuildFile; fileRef = 06F70436248A90CC003FF0CE /* Main.storyboard */; };
		06F7043A248A90CF003FF0CE /* Assets.xcassets in Resources */ = {isa = PBXBuildFile; fileRef = 06F70439248A90CF003FF0CE /* Assets.xcassets */; };
		06F7043D248A90CF003FF0CE /* LaunchScreen.storyboard in Resources */ = {isa = PBXBuildFile; fileRef = 06F7043B248A90CF003FF0CE /* LaunchScreen.storyboard */; };
		06F70448248A90CF003FF0CE /* gradient_buttonTests.swift in Sources */ = {isa = PBXBuildFile; fileRef = 06F70447248A90CF003FF0CE /* gradient_buttonTests.swift */; };
		06F70453248A90CF003FF0CE /* gradient_buttonUITests.swift in Sources */ = {isa = PBXBuildFile; fileRef = 06F70452248A90CF003FF0CE /* gradient_buttonUITests.swift */; };
/* End PBXBuildFile section */

/* Begin PBXContainerItemProxy section */
		06F70444248A90CF003FF0CE /* PBXContainerItemProxy */ = {
			isa = PBXContainerItemProxy;
			containerPortal = 06F70425248A90CC003FF0CE /* Project object */;
			proxyType = 1;
			remoteGlobalIDString = 06F7042C248A90CC003FF0CE;
			remoteInfo = "gradient button";
		};
		06F7044F248A90CF003FF0CE /* PBXContainerItemProxy */ = {
			isa = PBXContainerItemProxy;
			containerPortal = 06F70425248A90CC003FF0CE /* Project object */;
			proxyType = 1;
			remoteGlobalIDString = 06F7042C248A90CC003FF0CE;
			remoteInfo = "gradient button";
		};
/* End PBXContainerItemProxy section */

/* Begin PBXFileReference section */
		061DA3E9248FEAC300629FFE /* UIView+Extension.swift */ = {isa = PBXFileReference; lastKnownFileType = sourcecode.swift; path = "UIView+Extension.swift"; sourceTree = "<group>"; };
		06F7042D248A90CC003FF0CE /* gradient button.app */ = {isa = PBXFileReference; explicitFileType = wrapper.application; includeInIndex = 0; path = "gradient button.app"; sourceTree = BUILT_PRODUCTS_DIR; };
		06F70430248A90CC003FF0CE /* AppDelegate.swift */ = {isa = PBXFileReference; lastKnownFileType = sourcecode.swift; path = AppDelegate.swift; sourceTree = "<group>"; };
		06F70432248A90CC003FF0CE /* SceneDelegate.swift */ = {isa = PBXFileReference; lastKnownFileType = sourcecode.swift; path = SceneDelegate.swift; sourceTree = "<group>"; };
		06F70434248A90CC003FF0CE /* ViewController.swift */ = {isa = PBXFileReference; lastKnownFileType = sourcecode.swift; path = ViewController.swift; sourceTree = "<group>"; };
		06F70437248A90CC003FF0CE /* Base */ = {isa = PBXFileReference; lastKnownFileType = file.storyboard; name = Base; path = Base.lproj/Main.storyboard; sourceTree = "<group>"; };
		06F70439248A90CF003FF0CE /* Assets.xcassets */ = {isa = PBXFileReference; lastKnownFileType = folder.assetcatalog; path = Assets.xcassets; sourceTree = "<group>"; };
		06F7043C248A90CF003FF0CE /* Base */ = {isa = PBXFileReference; lastKnownFileType = file.storyboard; name = Base; path = Base.lproj/LaunchScreen.storyboard; sourceTree = "<group>"; };
		06F7043E248A90CF003FF0CE /* Info.plist */ = {isa = PBXFileReference; lastKnownFileType = text.plist.xml; path = Info.plist; sourceTree = "<group>"; };
		06F70443248A90CF003FF0CE /* gradient buttonTests.xctest */ = {isa = PBXFileReference; explicitFileType = wrapper.cfbundle; includeInIndex = 0; path = "gradient buttonTests.xctest"; sourceTree = BUILT_PRODUCTS_DIR; };
		06F70447248A90CF003FF0CE /* gradient_buttonTests.swift */ = {isa = PBXFileReference; lastKnownFileType = sourcecode.swift; path = gradient_buttonTests.swift; sourceTree = "<group>"; };
		06F70449248A90CF003FF0CE /* Info.plist */ = {isa = PBXFileReference; lastKnownFileType = text.plist.xml; path = Info.plist; sourceTree = "<group>"; };
		06F7044E248A90CF003FF0CE /* gradient buttonUITests.xctest */ = {isa = PBXFileReference; explicitFileType = wrapper.cfbundle; includeInIndex = 0; path = "gradient buttonUITests.xctest"; sourceTree = BUILT_PRODUCTS_DIR; };
		06F70452248A90CF003FF0CE /* gradient_buttonUITests.swift */ = {isa = PBXFileReference; lastKnownFileType = sourcecode.swift; path = gradient_buttonUITests.swift; sourceTree = "<group>"; };
		06F70454248A90CF003FF0CE /* Info.plist */ = {isa = PBXFileReference; lastKnownFileType = text.plist.xml; path = Info.plist; sourceTree = "<group>"; };
/* End PBXFileReference section */

/* Begin PBXFrameworksBuildPhase section */
		06F7042A248A90CC003FF0CE /* Frameworks */ = {
			isa = PBXFrameworksBuildPhase;
			buildActionMask = 2147483647;
			files = (
			);
			runOnlyForDeploymentPostprocessing = 0;
		};
		06F70440248A90CF003FF0CE /* Frameworks */ = {
			isa = PBXFrameworksBuildPhase;
			buildActionMask = 2147483647;
			files = (
			);
			runOnlyForDeploymentPostprocessing = 0;
		};
		06F7044B248A90CF003FF0CE /* Frameworks */ = {
			isa = PBXFrameworksBuildPhase;
			buildActionMask = 2147483647;
			files = (
			);
			runOnlyForDeploymentPostprocessing = 0;
		};
/* End PBXFrameworksBuildPhase section */

/* Begin PBXGroup section */
		06F70424248A90CC003FF0CE = {
			isa = PBXGroup;
			children = (
				06F7042F248A90CC003FF0CE /* gradient button */,
				06F70446248A90CF003FF0CE /* gradient buttonTests */,
				06F70451248A90CF003FF0CE /* gradient buttonUITests */,
				06F7042E248A90CC003FF0CE /* Products */,
			);
			sourceTree = "<group>";
		};
		06F7042E248A90CC003FF0CE /* Products */ = {
			isa = PBXGroup;
			children = (
				06F7042D248A90CC003FF0CE /* gradient button.app */,
				06F70443248A90CF003FF0CE /* gradient buttonTests.xctest */,
				06F7044E248A90CF003FF0CE /* gradient buttonUITests.xctest */,
			);
			name = Products;
			sourceTree = "<group>";
		};
		06F7042F248A90CC003FF0CE /* gradient button */ = {
			isa = PBXGroup;
			children = (
				06F70430248A90CC003FF0CE /* AppDelegate.swift */,
				06F70432248A90CC003FF0CE /* SceneDelegate.swift */,
				06F70434248A90CC003FF0CE /* ViewController.swift */,
				06F70436248A90CC003FF0CE /* Main.storyboard */,
				061DA3E9248FEAC300629FFE /* UIView+Extension.swift */,
				06F70439248A90CF003FF0CE /* Assets.xcassets */,
				06F7043B248A90CF003FF0CE /* LaunchScreen.storyboard */,
				06F7043E248A90CF003FF0CE /* Info.plist */,
			);
			path = "gradient button";
			sourceTree = "<group>";
		};
		06F70446248A90CF003FF0CE /* gradient buttonTests */ = {
			isa = PBXGroup;
			children = (
				06F70447248A90CF003FF0CE /* gradient_buttonTests.swift */,
				06F70449248A90CF003FF0CE /* Info.plist */,
			);
			path = "gradient buttonTests";
			sourceTree = "<group>";
		};
		06F70451248A90CF003FF0CE /* gradient buttonUITests */ = {
			isa = PBXGroup;
			children = (
				06F70452248A90CF003FF0CE /* gradient_buttonUITests.swift */,
				06F70454248A90CF003FF0CE /* Info.plist */,
			);
			path = "gradient buttonUITests";
			sourceTree = "<group>";
		};
/* End PBXGroup section */

/* Begin PBXNativeTarget section */
		06F7042C248A90CC003FF0CE /* gradient button */ = {
			isa = PBXNativeTarget;
			buildConfigurationList = 06F70457248A90CF003FF0CE /* Build configuration list for PBXNativeTarget "gradient button" */;
			buildPhases = (
				06F70429248A90CC003FF0CE /* Sources */,
				06F7042A248A90CC003FF0CE /* Frameworks */,
				06F7042B248A90CC003FF0CE /* Resources */,
			);
			buildRules = (
			);
			dependencies = (
			);
			name = "gradient button";
			productName = "gradient button";
			productReference = 06F7042D248A90CC003FF0CE /* gradient button.app */;
			productType = "com.apple.product-type.application";
		};
		06F70442248A90CF003FF0CE /* gradient buttonTests */ = {
			isa = PBXNativeTarget;
			buildConfigurationList = 06F7045A248A90CF003FF0CE /* Build configuration list for PBXNativeTarget "gradient buttonTests" */;
			buildPhases = (
				06F7043F248A90CF003FF0CE /* Sources */,
				06F70440248A90CF003FF0CE /* Frameworks */,
				06F70441248A90CF003FF0CE /* Resources */,
			);
			buildRules = (
			);
			dependencies = (
				06F70445248A90CF003FF0CE /* PBXTargetDependency */,
			);
			name = "gradient buttonTests";
			productName = "gradient buttonTests";
			productReference = 06F70443248A90CF003FF0CE /* gradient buttonTests.xctest */;
			productType = "com.apple.product-type.bundle.unit-test";
		};
		06F7044D248A90CF003FF0CE /* gradient buttonUITests */ = {
			isa = PBXNativeTarget;
			buildConfigurationList = 06F7045D248A90CF003FF0CE /* Build configuration list for PBXNativeTarget "gradient buttonUITests" */;
			buildPhases = (
				06F7044A248A90CF003FF0CE /* Sources */,
				06F7044B248A90CF003FF0CE /* Frameworks */,
				06F7044C248A90CF003FF0CE /* Resources */,
			);
			buildRules = (
			);
			dependencies = (
				06F70450248A90CF003FF0CE /* PBXTargetDependency */,
			);
			name = "gradient buttonUITests";
			productName = "gradient buttonUITests";
			productReference = 06F7044E248A90CF003FF0CE /* gradient buttonUITests.xctest */;
			productType = "com.apple.product-type.bundle.ui-testing";
		};
/* End PBXNativeTarget section */

/* Begin PBXProject section */
		06F70425248A90CC003FF0CE /* Project object */ = {
			isa = PBXProject;
			attributes = {
				LastSwiftUpdateCheck = 1150;
				LastUpgradeCheck = 1150;
				ORGANIZATIONNAME = "Katie Wang";
				TargetAttributes = {
					06F7042C248A90CC003FF0CE = {
						CreatedOnToolsVersion = 11.5;
					};
					06F70442248A90CF003FF0CE = {
						CreatedOnToolsVersion = 11.5;
						TestTargetID = 06F7042C248A90CC003FF0CE;
					};
					06F7044D248A90CF003FF0CE = {
						CreatedOnToolsVersion = 11.5;
						TestTargetID = 06F7042C248A90CC003FF0CE;
					};
				};
			};
			buildConfigurationList = 06F70428248A90CC003FF0CE /* Build configuration list for PBXProject "gradient button" */;
			compatibilityVersion = "Xcode 9.3";
			developmentRegion = en;
			hasScannedForEncodings = 0;
			knownRegions = (
				en,
				Base,
			);
			mainGroup = 06F70424248A90CC003FF0CE;
			productRefGroup = 06F7042E248A90CC003FF0CE /* Products */;
			projectDirPath = "";
			projectRoot = "";
			targets = (
				06F7042C248A90CC003FF0CE /* gradient button */,
				06F70442248A90CF003FF0CE /* gradient buttonTests */,
				06F7044D248A90CF003FF0CE /* gradient buttonUITests */,
			);
		};
/* End PBXProject section */

/* Begin PBXResourcesBuildPhase section */
		06F7042B248A90CC003FF0CE /* Resources */ = {
			isa = PBXResourcesBuildPhase;
			buildActionMask = 2147483647;
			files = (
				06F7043D248A90CF003FF0CE /* LaunchScreen.storyboard in Resources */,
				06F7043A248A90CF003FF0CE /* Assets.xcassets in Resources */,
				06F70438248A90CC003FF0CE /* Main.storyboard in Resources */,
			);
			runOnlyForDeploymentPostprocessing = 0;
		};
		06F70441248A90CF003FF0CE /* Resources */ = {
			isa = PBXResourcesBuildPhase;
			buildActionMask = 2147483647;
			files = (
			);
			runOnlyForDeploymentPostprocessing = 0;
		};
		06F7044C248A90CF003FF0CE /* Resources */ = {
			isa = PBXResourcesBuildPhase;
			buildActionMask = 2147483647;
			files = (
			);
			runOnlyForDeploymentPostprocessing = 0;
		};
/* End PBXResourcesBuildPhase section */

/* Begin PBXSourcesBuildPhase section */
		06F70429248A90CC003FF0CE /* Sources */ = {
			isa = PBXSourcesBuildPhase;
			buildActionMask = 2147483647;
			files = (
				06F70435248A90CC003FF0CE /* ViewController.swift in Sources */,
				061DA3EA248FEAC300629FFE /* UIView+Extension.swift in Sources */,
				06F70431248A90CC003FF0CE /* AppDelegate.swift in Sources */,
				06F70433248A90CC003FF0CE /* SceneDelegate.swift in Sources */,
			);
			runOnlyForDeploymentPostprocessing = 0;
		};
		06F7043F248A90CF003FF0CE /* Sources */ = {
			isa = PBXSourcesBuildPhase;
			buildActionMask = 2147483647;
			files = (
				06F70448248A90CF003FF0CE /* gradient_buttonTests.swift in Sources */,
			);
			runOnlyForDeploymentPostprocessing = 0;
		};
		06F7044A248A90CF003FF0CE /* Sources */ = {
			isa = PBXSourcesBuildPhase;
			buildActionMask = 2147483647;
			files = (
				06F70453248A90CF003FF0CE /* gradient_buttonUITests.swift in Sources */,
			);
			runOnlyForDeploymentPostprocessing = 0;
		};
/* End PBXSourcesBuildPhase section */

/* Begin PBXTargetDependency section */
		06F70445248A90CF003FF0CE /* PBXTargetDependency */ = {
			isa = PBXTargetDependency;
			target = 06F7042C248A90CC003FF0CE /* gradient button */;
			targetProxy = 06F70444248A90CF003FF0CE /* PBXContainerItemProxy */;
		};
		06F70450248A90CF003FF0CE /* PBXTargetDependency */ = {
			isa = PBXTargetDependency;
			target = 06F7042C248A90CC003FF0CE /* gradient button */;
			targetProxy = 06F7044F248A90CF003FF0CE /* PBXContainerItemProxy */;
		};
/* End PBXTargetDependency section */

/* Begin PBXVariantGroup section */
		06F70436248A90CC003FF0CE /* Main.storyboard */ = {
			isa = PBXVariantGroup;
			children = (
				06F70437248A90CC003FF0CE /* Base */,
			);
			name = Main.storyboard;
			sourceTree = "<group>";
		};
		06F7043B248A90CF003FF0CE /* LaunchScreen.storyboard */ = {
			isa = PBXVariantGroup;
			children = (
				06F7043C248A90CF003FF0CE /* Base */,
			);
			name = LaunchScreen.storyboard;
			sourceTree = "<group>";
		};
/* End PBXVariantGroup section */

/* Begin XCBuildConfiguration section */
		06F70455248A90CF003FF0CE /* Debug */ = {
			isa = XCBuildConfiguration;
			buildSettings = {
				ALWAYS_SEARCH_USER_PATHS = NO;
				CLANG_ANALYZER_NONNULL = YES;
				CLANG_ANALYZER_NUMBER_OBJECT_CONVERSION = YES_AGGRESSIVE;
				CLANG_CXX_LANGUAGE_STANDARD = "gnu++14";
				CLANG_CXX_LIBRARY = "libc++";
				CLANG_ENABLE_MODULES = YES;
				CLANG_ENABLE_OBJC_ARC = YES;
				CLANG_ENABLE_OBJC_WEAK = YES;
				CLANG_WARN_BLOCK_CAPTURE_AUTORELEASING = YES;
				CLANG_WARN_BOOL_CONVERSION = YES;
				CLANG_WARN_COMMA = YES;
				CLANG_WARN_CONSTANT_CONVERSION = YES;
				CLANG_WARN_DEPRECATED_OBJC_IMPLEMENTATIONS = YES;
				CLANG_WARN_DIRECT_OBJC_ISA_USAGE = YES_ERROR;
				CLANG_WARN_DOCUMENTATION_COMMENTS = YES;
				CLANG_WARN_EMPTY_BODY = YES;
				CLANG_WARN_ENUM_CONVERSION = YES;
				CLANG_WARN_INFINITE_RECURSION = YES;
				CLANG_WARN_INT_CONVERSION = YES;
				CLANG_WARN_NON_LITERAL_NULL_CONVERSION = YES;
				CLANG_WARN_OBJC_IMPLICIT_RETAIN_SELF = YES;
				CLANG_WARN_OBJC_LITERAL_CONVERSION = YES;
				CLANG_WARN_OBJC_ROOT_CLASS = YES_ERROR;
				CLANG_WARN_RANGE_LOOP_ANALYSIS = YES;
				CLANG_WARN_STRICT_PROTOTYPES = YES;
				CLANG_WARN_SUSPICIOUS_MOVE = YES;
				CLANG_WARN_UNGUARDED_AVAILABILITY = YES_AGGRESSIVE;
				CLANG_WARN_UNREACHABLE_CODE = YES;
				CLANG_WARN__DUPLICATE_METHOD_MATCH = YES;
				COPY_PHASE_STRIP = NO;
				DEBUG_INFORMATION_FORMAT = dwarf;
				ENABLE_STRICT_OBJC_MSGSEND = YES;
				ENABLE_TESTABILITY = YES;
				GCC_C_LANGUAGE_STANDARD = gnu11;
				GCC_DYNAMIC_NO_PIC = NO;
				GCC_NO_COMMON_BLOCKS = YES;
				GCC_OPTIMIZATION_LEVEL = 0;
				GCC_PREPROCESSOR_DEFINITIONS = (
					"DEBUG=1",
					"$(inherited)",
				);
				GCC_WARN_64_TO_32_BIT_CONVERSION = YES;
				GCC_WARN_ABOUT_RETURN_TYPE = YES_ERROR;
				GCC_WARN_UNDECLARED_SELECTOR = YES;
				GCC_WARN_UNINITIALIZED_AUTOS = YES_AGGRESSIVE;
				GCC_WARN_UNUSED_FUNCTION = YES;
				GCC_WARN_UNUSED_VARIABLE = YES;
				IPHONEOS_DEPLOYMENT_TARGET = 13.5;
				MTL_ENABLE_DEBUG_INFO = INCLUDE_SOURCE;
				MTL_FAST_MATH = YES;
				ONLY_ACTIVE_ARCH = YES;
				SDKROOT = iphoneos;
				SWIFT_ACTIVE_COMPILATION_CONDITIONS = DEBUG;
				SWIFT_OPTIMIZATION_LEVEL = "-Onone";
			};
			name = Debug;
		};
		06F70456248A90CF003FF0CE /* Release */ = {
			isa = XCBuildConfiguration;
			buildSettings = {
				ALWAYS_SEARCH_USER_PATHS = NO;
				CLANG_ANALYZER_NONNULL = YES;
				CLANG_ANALYZER_NUMBER_OBJECT_CONVERSION = YES_AGGRESSIVE;
				CLANG_CXX_LANGUAGE_STANDARD = "gnu++14";
				CLANG_CXX_LIBRARY = "libc++";
				CLANG_ENABLE_MODULES = YES;
				CLANG_ENABLE_OBJC_ARC = YES;
				CLANG_ENABLE_OBJC_WEAK = YES;
				CLANG_WARN_BLOCK_CAPTURE_AUTORELEASING = YES;
				CLANG_WARN_BOOL_CONVERSION = YES;
				CLANG_WARN_COMMA = YES;
				CLANG_WARN_CONSTANT_CONVERSION = YES;
				CLANG_WARN_DEPRECATED_OBJC_IMPLEMENTATIONS = YES;
				CLANG_WARN_DIRECT_OBJC_ISA_USAGE = YES_ERROR;
				CLANG_WARN_DOCUMENTATION_COMMENTS = YES;
				CLANG_WARN_EMPTY_BODY = YES;
				CLANG_WARN_ENUM_CONVERSION = YES;
				CLANG_WARN_INFINITE_RECURSION = YES;
				CLANG_WARN_INT_CONVERSION = YES;
				CLANG_WARN_NON_LITERAL_NULL_CONVERSION = YES;
				CLANG_WARN_OBJC_IMPLICIT_RETAIN_SELF = YES;
				CLANG_WARN_OBJC_LITERAL_CONVERSION = YES;
				CLANG_WARN_OBJC_ROOT_CLASS = YES_ERROR;
				CLANG_WARN_RANGE_LOOP_ANALYSIS = YES;
				CLANG_WARN_STRICT_PROTOTYPES = YES;
				CLANG_WARN_SUSPICIOUS_MOVE = YES;
				CLANG_WARN_UNGUARDED_AVAILABILITY = YES_AGGRESSIVE;
				CLANG_WARN_UNREACHABLE_CODE = YES;
				CLANG_WARN__DUPLICATE_METHOD_MATCH = YES;
				COPY_PHASE_STRIP = NO;
				DEBUG_INFORMATION_FORMAT = "dwarf-with-dsym";
				ENABLE_NS_ASSERTIONS = NO;
				ENABLE_STRICT_OBJC_MSGSEND = YES;
				GCC_C_LANGUAGE_STANDARD = gnu11;
				GCC_NO_COMMON_BLOCKS = YES;
				GCC_WARN_64_TO_32_BIT_CONVERSION = YES;
				GCC_WARN_ABOUT_RETURN_TYPE = YES_ERROR;
				GCC_WARN_UNDECLARED_SELECTOR = YES;
				GCC_WARN_UNINITIALIZED_AUTOS = YES_AGGRESSIVE;
				GCC_WARN_UNUSED_FUNCTION = YES;
				GCC_WARN_UNUSED_VARIABLE = YES;
				IPHONEOS_DEPLOYMENT_TARGET = 13.5;
				MTL_ENABLE_DEBUG_INFO = NO;
				MTL_FAST_MATH = YES;
				SDKROOT = iphoneos;
				SWIFT_COMPILATION_MODE = wholemodule;
				SWIFT_OPTIMIZATION_LEVEL = "-O";
				VALIDATE_PRODUCT = YES;
			};
			name = Release;
		};
		06F70458248A90CF003FF0CE /* Debug */ = {
			isa = XCBuildConfiguration;
			buildSettings = {
				ASSETCATALOG_COMPILER_APPICON_NAME = AppIcon;
				CODE_SIGN_STYLE = Automatic;
				INFOPLIST_FILE = "gradient button/Info.plist";
				LD_RUNPATH_SEARCH_PATHS = (
					"$(inherited)",
					"@executable_path/Frameworks",
				);
				PRODUCT_BUNDLE_IDENTIFIER = "Katie.gradient-button";
				PRODUCT_NAME = "$(TARGET_NAME)";
				SWIFT_VERSION = 5.0;
				TARGETED_DEVICE_FAMILY = "1,2";
			};
			name = Debug;
		};
		06F70459248A90CF003FF0CE /* Release */ = {
			isa = XCBuildConfiguration;
			buildSettings = {
				ASSETCATALOG_COMPILER_APPICON_NAME = AppIcon;
				CODE_SIGN_STYLE = Automatic;
				INFOPLIST_FILE = "gradient button/Info.plist";
				LD_RUNPATH_SEARCH_PATHS = (
					"$(inherited)",
					"@executable_path/Frameworks",
				);
				PRODUCT_BUNDLE_IDENTIFIER = "Katie.gradient-button";
				PRODUCT_NAME = "$(TARGET_NAME)";
				SWIFT_VERSION = 5.0;
				TARGETED_DEVICE_FAMILY = "1,2";
			};
			name = Release;
		};
		06F7045B248A90CF003FF0CE /* Debug */ = {
			isa = XCBuildConfiguration;
			buildSettings = {
				ALWAYS_EMBED_SWIFT_STANDARD_LIBRARIES = YES;
				BUNDLE_LOADER = "$(TEST_HOST)";
				CODE_SIGN_STYLE = Automatic;
				INFOPLIST_FILE = "gradient buttonTests/Info.plist";
				IPHONEOS_DEPLOYMENT_TARGET = 13.5;
				LD_RUNPATH_SEARCH_PATHS = (
					"$(inherited)",
					"@executable_path/Frameworks",
					"@loader_path/Frameworks",
				);
				PRODUCT_BUNDLE_IDENTIFIER = "Katie.gradient-buttonTests";
				PRODUCT_NAME = "$(TARGET_NAME)";
				SWIFT_VERSION = 5.0;
				TARGETED_DEVICE_FAMILY = "1,2";
				TEST_HOST = "$(BUILT_PRODUCTS_DIR)/gradient button.app/gradient button";
			};
			name = Debug;
		};
		06F7045C248A90CF003FF0CE /* Release */ = {
			isa = XCBuildConfiguration;
			buildSettings = {
				ALWAYS_EMBED_SWIFT_STANDARD_LIBRARIES = YES;
				BUNDLE_LOADER = "$(TEST_HOST)";
				CODE_SIGN_STYLE = Automatic;
				INFOPLIST_FILE = "gradient buttonTests/Info.plist";
				IPHONEOS_DEPLOYMENT_TARGET = 13.5;
				LD_RUNPATH_SEARCH_PATHS = (
					"$(inherited)",
					"@executable_path/Frameworks",
					"@loader_path/Frameworks",
				);
				PRODUCT_BUNDLE_IDENTIFIER = "Katie.gradient-buttonTests";
				PRODUCT_NAME = "$(TARGET_NAME)";
				SWIFT_VERSION = 5.0;
				TARGETED_DEVICE_FAMILY = "1,2";
				TEST_HOST = "$(BUILT_PRODUCTS_DIR)/gradient button.app/gradient button";
			};
			name = Release;
		};
		06F7045E248A90CF003FF0CE /* Debug */ = {
			isa = XCBuildConfiguration;
			buildSettings = {
				ALWAYS_EMBED_SWIFT_STANDARD_LIBRARIES = YES;
				CODE_SIGN_STYLE = Automatic;
				INFOPLIST_FILE = "gradient buttonUITests/Info.plist";
				LD_RUNPATH_SEARCH_PATHS = (
					"$(inherited)",
					"@executable_path/Frameworks",
					"@loader_path/Frameworks",
				);
				PRODUCT_BUNDLE_IDENTIFIER = "Katie.gradient-buttonUITests";
				PRODUCT_NAME = "$(TARGET_NAME)";
				SWIFT_VERSION = 5.0;
				TARGETED_DEVICE_FAMILY = "1,2";
				TEST_TARGET_NAME = "gradient button";
			};
			name = Debug;
		};
		06F7045F248A90CF003FF0CE /* Release */ = {
			isa = XCBuildConfiguration;
			buildSettings = {
				ALWAYS_EMBED_SWIFT_STANDARD_LIBRARIES = YES;
				CODE_SIGN_STYLE = Automatic;
				INFOPLIST_FILE = "gradient buttonUITests/Info.plist";
				LD_RUNPATH_SEARCH_PATHS = (
					"$(inherited)",
					"@executable_path/Frameworks",
					"@loader_path/Frameworks",
				);
				PRODUCT_BUNDLE_IDENTIFIER = "Katie.gradient-buttonUITests";
				PRODUCT_NAME = "$(TARGET_NAME)";
				SWIFT_VERSION = 5.0;
				TARGETED_DEVICE_FAMILY = "1,2";
				TEST_TARGET_NAME = "gradient button";
			};
			name = Release;
		};
/* End XCBuildConfiguration section */

/* Begin XCConfigurationList section */
		06F70428248A90CC003FF0CE /* Build configuration list for PBXProject "gradient button" */ = {
			isa = XCConfigurationList;
			buildConfigurations = (
				06F70455248A90CF003FF0CE /* Debug */,
				06F70456248A90CF003FF0CE /* Release */,
			);
			defaultConfigurationIsVisible = 0;
			defaultConfigurationName = Release;
		};
		06F70457248A90CF003FF0CE /* Build configuration list for PBXNativeTarget "gradient button" */ = {
			isa = XCConfigurationList;
			buildConfigurations = (
				06F70458248A90CF003FF0CE /* Debug */,
				06F70459248A90CF003FF0CE /* Release */,
			);
			defaultConfigurationIsVisible = 0;
			defaultConfigurationName = Release;
		};
		06F7045A248A90CF003FF0CE /* Build configuration list for PBXNativeTarget "gradient buttonTests" */ = {
			isa = XCConfigurationList;
			buildConfigurations = (
				06F7045B248A90CF003FF0CE /* Debug */,
				06F7045C248A90CF003FF0CE /* Release */,
			);
			defaultConfigurationIsVisible = 0;
			defaultConfigurationName = Release;
		};
		06F7045D248A90CF003FF0CE /* Build configuration list for PBXNativeTarget "gradient buttonUITests" */ = {
			isa = XCConfigurationList;
			buildConfigurations = (
				06F7045E248A90CF003FF0CE /* Debug */,
				06F7045F248A90CF003FF0CE /* Release */,
			);
			defaultConfigurationIsVisible = 0;
			defaultConfigurationName = Release;
		};
/* End XCConfigurationList section */
	};
	rootObject = 06F70425248A90CC003FF0CE /* Project object */;
}
